
Microsoft Visual Studio Solution File, Format Version 12.00
# Visual Studio Version 16
Project("{2150E333-8FDC-42A3-9474-1A3956D46DE8}") = "CMakePredefinedTargets", "CMakePredefinedTargets", "{269A6337-35B9-374F-9824-5DB1B553D886}"
EndProject
Project("{2150E333-8FDC-42A3-9474-1A3956D46DE8}") = "Examples", "Examples", "{0C1E7EF6-85D5-3A07-8CBA-16900FBA4046}"
EndProject
Project("{2150E333-8FDC-42A3-9474-1A3956D46DE8}") = "Tutorial", "Examples\Tutorial", "{969196FE-F809-3054-BF59-BB40298FFCA7}"
EndProject
Project("{2150E333-8FDC-42A3-9474-1A3956D46DE8}") = "C++ API", "Examples\Tutorial\C++ API", "{16312EF3-1786-3C78-B0D3-369DF47AAA8F}"
EndProject
Project("{2150E333-8FDC-42A3-9474-1A3956D46DE8}") = "Deprecated", "Examples\Tutorial\Deprecated", "{861E9D3E-A3BF-3AB6-8AD2-E65E54001938}"
EndProject
Project("{2150E333-8FDC-42A3-9474-1A3956D46DE8}") = "OpenPose library", "OpenPose library", "{BB7226DA-BD54-36F4-BA66-DC92D3E68A89}"
EndProject
Project("{8BC9CEB8-8B4A-11D0-8D11-00A0C91BC942}") = "OpenPoseDemo", "examples\openpose\OpenPoseDemo.vcxproj", "{063EB1AA-C573-3440-AEDF-61D939FC8025}"
	ProjectSection(ProjectDependencies) = postProject
		{686FFB65-754C-3EDA-9300-C137FCFE0058} = {686FFB65-754C-3EDA-9300-C137FCFE0058}
	EndProjectSection
EndProject
Project("{8BC9CEB8-8B4A-11D0-8D11-00A0C91BC942}") = "01_body_from_image_default", "examples\tutorial_api_cpp\01_body_from_image_default.vcxproj", "{90112596-8223-36BF-BFDE-41AF036D9328}"
	ProjectSection(ProjectDependencies) = postProject
		{686FFB65-754C-3EDA-9300-C137FCFE0058} = {686FFB65-754C-3EDA-9300-C137FCFE0058}
	EndProjectSection
EndProject
Project("{8BC9CEB8-8B4A-11D0-8D11-00A0C91BC942}") = "02_whole_body_from_image_default", "examples\tutorial_api_cpp\02_whole_body_from_image_default.vcxproj", "{0C4A5CD4-5D6C-3F4A-81B4-F7FF257EC9A0}"
	ProjectSection(ProjectDependencies) = postProject
		{686FFB65-754C-3EDA-9300-C137FCFE0058} = {686FFB65-754C-3EDA-9300-C137FCFE0058}
	EndProjectSection
EndProject
Project("{8BC9CEB8-8B4A-11D0-8D11-00A0C91BC942}") = "03_keypoints_from_image", "examples\tutorial_api_cpp\03_keypoints_from_image.vcxproj", "{4FB50275-A2D9-3693-AA9F-2A4C8A8529A3}"
	ProjectSection(ProjectDependencies) = postProject
		{686FFB65-754C-3EDA-9300-C137FCFE0058} = {686FFB65-754C-3EDA-9300-C137FCFE0058}
	EndProjectSection
EndProject
Project("{8BC9CEB8-8B4A-11D0-8D11-00A0C91BC942}") = "04_keypoints_from_images", "examples\tutorial_api_cpp\04_keypoints_from_images.vcxproj", "{740BCF50-28CB-3B7E-9D13-FDDD70609663}"
	ProjectSection(ProjectDependencies) = postProject
		{686FFB65-754C-3EDA-9300-C137FCFE0058} = {686FFB65-754C-3EDA-9300-C137FCFE0058}
	EndProjectSection
EndProject
Project("{8BC9CEB8-8B4A-11D0-8D11-00A0C91BC942}") = "05_keypoints_from_images_multi_gpu", "examples\tutorial_api_cpp\05_keypoints_from_images_multi_gpu.vcxproj", "{702BB6BE-AA24-32E7-BB96-F60A9932750A}"
	ProjectSection(ProjectDependencies) = postProject
		{686FFB65-754C-3EDA-9300-C137FCFE0058} = {686FFB65-754C-3EDA-9300-C137FCFE0058}
	EndProjectSection
EndProject
Project("{8BC9CEB8-8B4A-11D0-8D11-00A0C91BC942}") = "06_face_from_image", "examples\tutorial_api_cpp\06_face_from_image.vcxproj", "{7A794949-3B25-38C6-AE4F-DCBF5103B46F}"
	ProjectSection(ProjectDependencies) = postProject
		{686FFB65-754C-3EDA-9300-C137FCFE0058} = {686FFB65-754C-3EDA-9300-C137FCFE0058}
	EndProjectSection
EndProject
Project("{8BC9CEB8-8B4A-11D0-8D11-00A0C91BC942}") = "07_hand_from_image", "examples\tutorial_api_cpp\07_hand_from_image.vcxproj", "{6FC99C4C-4AED-3EFC-95A4-B10956BC39FE}"
	ProjectSection(ProjectDependencies) = postProject
		{686FFB65-754C-3EDA-9300-C137FCFE0058} = {686FFB65-754C-3EDA-9300-C137FCFE0058}
	EndProjectSection
EndProject
Project("{8BC9CEB8-8B4A-11D0-8D11-00A0C91BC942}") = "08_heatmaps_from_image", "examples\tutorial_api_cpp\08_heatmaps_from_image.vcxproj", "{CF4CDE7F-AF67-3DC6-9E1C-1B669CDB3A0B}"
	ProjectSection(ProjectDependencies) = postProject
		{686FFB65-754C-3EDA-9300-C137FCFE0058} = {686FFB65-754C-3EDA-9300-C137FCFE0058}
	EndProjectSection
EndProject
Project("{8BC9CEB8-8B4A-11D0-8D11-00A0C91BC942}") = "09_keypoints_from_heatmaps", "examples\tutorial_api_cpp\09_keypoints_from_heatmaps.vcxproj", "{4062EDEA-3962-3506-9978-E56F7742870C}"
	ProjectSection(ProjectDependencies) = postProject
		{686FFB65-754C-3EDA-9300-C137FCFE0058} = {686FFB65-754C-3EDA-9300-C137FCFE0058}
	EndProjectSection
EndProject
Project("{8BC9CEB8-8B4A-11D0-8D11-00A0C91BC942}") = "10_asynchronous_custom_input", "examples\tutorial_api_cpp\10_asynchronous_custom_input.vcxproj", "{46A12725-8207-3621-A665-6AE0A8E25AD7}"
	ProjectSection(ProjectDependencies) = postProject
		{686FFB65-754C-3EDA-9300-C137FCFE0058} = {686FFB65-754C-3EDA-9300-C137FCFE0058}
	EndProjectSection
EndProject
Project("{8BC9CEB8-8B4A-11D0-8D11-00A0C91BC942}") = "11_asynchronous_custom_input_multi_camera", "examples\tutorial_api_cpp\11_asynchronous_custom_input_multi_camera.vcxproj", "{B629200B-E8E8-3BB9-B5F2-D76700CDF2D5}"
	ProjectSection(ProjectDependencies) = postProject
		{686FFB65-754C-3EDA-9300-C137FCFE0058} = {686FFB65-754C-3EDA-9300-C137FCFE0058}
	EndProjectSection
EndProject
Project("{8BC9CEB8-8B4A-11D0-8D11-00A0C91BC942}") = "12_asynchronous_custom_output", "examples\tutorial_api_cpp\12_asynchronous_custom_output.vcxproj", "{CBE9459D-42D0-34E6-B094-F3D472976A95}"
	ProjectSection(ProjectDependencies) = postProject
		{686FFB65-754C-3EDA-9300-C137FCFE0058} = {686FFB65-754C-3EDA-9300-C137FCFE0058}
	EndProjectSection
EndProject
Project("{8BC9CEB8-8B4A-11D0-8D11-00A0C91BC942}") = "13_asynchronous_custom_input_output_and_datum", "examples\tutorial_api_cpp\13_asynchronous_custom_input_output_and_datum.vcxproj", "{6A2EC7B3-6F4D-348A-A4B3-37533577B6EA}"
	ProjectSection(ProjectDependencies) = postProject
		{686FFB65-754C-3EDA-9300-C137FCFE0058} = {686FFB65-754C-3EDA-9300-C137FCFE0058}
	EndProjectSection
EndProject
Project("{8BC9CEB8-8B4A-11D0-8D11-00A0C91BC942}") = "14_synchronous_custom_input", "examples\tutorial_api_cpp\14_synchronous_custom_input.vcxproj", "{5A7D4111-5C70-3DCE-AAF0-11A82CED1F26}"
	ProjectSection(ProjectDependencies) = postProject
		{686FFB65-754C-3EDA-9300-C137FCFE0058} = {686FFB65-754C-3EDA-9300-C137FCFE0058}
	EndProjectSection
EndProject
Project("{8BC9CEB8-8B4A-11D0-8D11-00A0C91BC942}") = "15_synchronous_custom_preprocessing", "examples\tutorial_api_cpp\15_synchronous_custom_preprocessing.vcxproj", "{88BA234F-6E3D-3FD5-919A-0040E9FF7DFB}"
	ProjectSection(ProjectDependencies) = postProject
		{686FFB65-754C-3EDA-9300-C137FCFE0058} = {686FFB65-754C-3EDA-9300-C137FCFE0058}
	EndProjectSection
EndProject
Project("{8BC9CEB8-8B4A-11D0-8D11-00A0C91BC942}") = "16_synchronous_custom_postprocessing", "examples\tutorial_api_cpp\16_synchronous_custom_postprocessing.vcxproj", "{B7A0F0FC-4F8C-3BCB-8B8D-3BC492BEA3AD}"
	ProjectSection(ProjectDependencies) = postProject
		{686FFB65-754C-3EDA-9300-C137FCFE0058} = {686FFB65-754C-3EDA-9300-C137FCFE0058}
	EndProjectSection
EndProject
Project("{8BC9CEB8-8B4A-11D0-8D11-00A0C91BC942}") = "17_synchronous_custom_output", "examples\tutorial_api_cpp\17_synchronous_custom_output.vcxproj", "{92442761-3E7D-3DF5-A0A5-0C2EDF50E67D}"
	ProjectSection(ProjectDependencies) = postProject
		{686FFB65-754C-3EDA-9300-C137FCFE0058} = {686FFB65-754C-3EDA-9300-C137FCFE0058}
	EndProjectSection
EndProject
Project("{8BC9CEB8-8B4A-11D0-8D11-00A0C91BC942}") = "18_synchronous_custom_all_and_datum", "examples\tutorial_api_cpp\18_synchronous_custom_all_and_datum.vcxproj", "{B8771D52-F69B-35A3-A271-29A3226F7FAC}"
	ProjectSection(ProjectDependencies) = postProject
		{686FFB65-754C-3EDA-9300-C137FCFE0058} = {686FFB65-754C-3EDA-9300-C137FCFE0058}
	EndProjectSection
EndProject
Project("{8BC9CEB8-8B4A-11D0-8D11-00A0C91BC942}") = "ALL_BUILD", "ALL_BUILD.vcxproj", "{FEE95D77-912D-3C6C-8892-E78581F608F3}"
	ProjectSection(ProjectDependencies) = postProject
		{90112596-8223-36BF-BFDE-41AF036D9328} = {90112596-8223-36BF-BFDE-41AF036D9328}
		{0C4A5CD4-5D6C-3F4A-81B4-F7FF257EC9A0} = {0C4A5CD4-5D6C-3F4A-81B4-F7FF257EC9A0}
		{4FB50275-A2D9-3693-AA9F-2A4C8A8529A3} = {4FB50275-A2D9-3693-AA9F-2A4C8A8529A3}
		{740BCF50-28CB-3B7E-9D13-FDDD70609663} = {740BCF50-28CB-3B7E-9D13-FDDD70609663}
		{702BB6BE-AA24-32E7-BB96-F60A9932750A} = {702BB6BE-AA24-32E7-BB96-F60A9932750A}
		{7A794949-3B25-38C6-AE4F-DCBF5103B46F} = {7A794949-3B25-38C6-AE4F-DCBF5103B46F}
		{6FC99C4C-4AED-3EFC-95A4-B10956BC39FE} = {6FC99C4C-4AED-3EFC-95A4-B10956BC39FE}
		{CF4CDE7F-AF67-3DC6-9E1C-1B669CDB3A0B} = {CF4CDE7F-AF67-3DC6-9E1C-1B669CDB3A0B}
		{4062EDEA-3962-3506-9978-E56F7742870C} = {4062EDEA-3962-3506-9978-E56F7742870C}
		{46A12725-8207-3621-A665-6AE0A8E25AD7} = {46A12725-8207-3621-A665-6AE0A8E25AD7}
		{B629200B-E8E8-3BB9-B5F2-D76700CDF2D5} = {B629200B-E8E8-3BB9-B5F2-D76700CDF2D5}
		{CBE9459D-42D0-34E6-B094-F3D472976A95} = {CBE9459D-42D0-34E6-B094-F3D472976A95}
		{6A2EC7B3-6F4D-348A-A4B3-37533577B6EA} = {6A2EC7B3-6F4D-348A-A4B3-37533577B6EA}
		{5A7D4111-5C70-3DCE-AAF0-11A82CED1F26} = {5A7D4111-5C70-3DCE-AAF0-11A82CED1F26}
		{88BA234F-6E3D-3FD5-919A-0040E9FF7DFB} = {88BA234F-6E3D-3FD5-919A-0040E9FF7DFB}
		{B7A0F0FC-4F8C-3BCB-8B8D-3BC492BEA3AD} = {B7A0F0FC-4F8C-3BCB-8B8D-3BC492BEA3AD}
		{92442761-3E7D-3DF5-A0A5-0C2EDF50E67D} = {92442761-3E7D-3DF5-A0A5-0C2EDF50E67D}
		{B8771D52-F69B-35A3-A271-29A3226F7FAC} = {B8771D52-F69B-35A3-A271-29A3226F7FAC}
		{EB4CB82B-0ADA-360B-93FF-C9DEC2A5EFE8} = {EB4CB82B-0ADA-360B-93FF-C9DEC2A5EFE8}
		{063EB1AA-C573-3440-AEDF-61D939FC8025} = {063EB1AA-C573-3440-AEDF-61D939FC8025}
		{686FFB65-754C-3EDA-9300-C137FCFE0058} = {686FFB65-754C-3EDA-9300-C137FCFE0058}
		{07C1111F-029C-3DD1-9559-6CDCBC7A0D86} = {07C1111F-029C-3DD1-9559-6CDCBC7A0D86}
		{BF2810B6-DB4F-3845-BE22-CD08918AA25A} = {BF2810B6-DB4F-3845-BE22-CD08918AA25A}
		{EEF40954-32B2-34C4-A8C5-3AA37E5944BB} = {EEF40954-32B2-34C4-A8C5-3AA37E5944BB}
		{3279E832-67C4-371B-A49D-EFEC3D339824} = {3279E832-67C4-371B-A49D-EFEC3D339824}
	EndProjectSection
EndProject
Project("{8BC9CEB8-8B4A-11D0-8D11-00A0C91BC942}") = "Calibration", "examples\calibration\Calibration.vcxproj", "{EB4CB82B-0ADA-360B-93FF-C9DEC2A5EFE8}"
	ProjectSection(ProjectDependencies) = postProject
		{686FFB65-754C-3EDA-9300-C137FCFE0058} = {686FFB65-754C-3EDA-9300-C137FCFE0058}
	EndProjectSection
EndProject
Project("{8BC9CEB8-8B4A-11D0-8D11-00A0C91BC942}") = "INSTALL", "INSTALL.vcxproj", "{C055B5FA-212B-3EEA-A131-A6EC8D9E484A}"
	ProjectSection(ProjectDependencies) = postProject
		{FEE95D77-912D-3C6C-8892-E78581F608F3} = {FEE95D77-912D-3C6C-8892-E78581F608F3}
	EndProjectSection
EndProject
Project("{8BC9CEB8-8B4A-11D0-8D11-00A0C91BC942}") = "openpose", "src\openpose\openpose.vcxproj", "{686FFB65-754C-3EDA-9300-C137FCFE0058}"
	ProjectSection(ProjectDependencies) = postProject
	EndProjectSection
EndProject
Project("{8BC9CEB8-8B4A-11D0-8D11-00A0C91BC942}") = "pyopenpose", "python\openpose\pyopenpose.vcxproj", "{07C1111F-029C-3DD1-9559-6CDCBC7A0D86}"
	ProjectSection(ProjectDependencies) = postProject
		{686FFB65-754C-3EDA-9300-C137FCFE0058} = {686FFB65-754C-3EDA-9300-C137FCFE0058}
	EndProjectSection
EndProject
Project("{8BC9CEB8-8B4A-11D0-8D11-00A0C91BC942}") = "tutorial_add_module_custom_post_processing", "examples\deprecated\tutorial_add_module_custom_post_processing.vcxproj", "{BF2810B6-DB4F-3845-BE22-CD08918AA25A}"
	ProjectSection(ProjectDependencies) = postProject
		{686FFB65-754C-3EDA-9300-C137FCFE0058} = {686FFB65-754C-3EDA-9300-C137FCFE0058}
	EndProjectSection
EndProject
Project("{8BC9CEB8-8B4A-11D0-8D11-00A0C91BC942}") = "tutorial_api_thread_1_user_processing_function", "examples\deprecated\tutorial_api_thread_1_user_processing_function.vcxproj", "{EEF40954-32B2-34C4-A8C5-3AA37E5944BB}"
	ProjectSection(ProjectDependencies) = postProject
		{686FFB65-754C-3EDA-9300-C137FCFE0058} = {686FFB65-754C-3EDA-9300-C137FCFE0058}
	EndProjectSection
EndProject
Project("{8BC9CEB8-8B4A-11D0-8D11-00A0C91BC942}") = "tutorial_api_thread_2_user_input_processing_output_and_datum", "examples\deprecated\tutorial_api_thread_2_user_input_processing_output_and_datum.vcxproj", "{3279E832-67C4-371B-A49D-EFEC3D339824}"
	ProjectSection(ProjectDependencies) = postProject
		{686FFB65-754C-3EDA-9300-C137FCFE0058} = {686FFB65-754C-3EDA-9300-C137FCFE0058}
	EndProjectSection
EndProject
Global
	GlobalSection(SolutionConfigurationPlatforms) = preSolution
		Release|x64 = Release|x64
		Debug|x64 = Debug|x64
	EndGlobalSection
	GlobalSection(ProjectConfigurationPlatforms) = postSolution
		{063EB1AA-C573-3440-AEDF-61D939FC8025}.Release|x64.ActiveCfg = Release|x64
		{063EB1AA-C573-3440-AEDF-61D939FC8025}.Release|x64.Build.0 = Release|x64
		{063EB1AA-C573-3440-AEDF-61D939FC8025}.Debug|x64.ActiveCfg = Debug|x64
		{063EB1AA-C573-3440-AEDF-61D939FC8025}.Debug|x64.Build.0 = Debug|x64
		{90112596-8223-36BF-BFDE-41AF036D9328}.Release|x64.ActiveCfg = Release|x64
		{90112596-8223-36BF-BFDE-41AF036D9328}.Release|x64.Build.0 = Release|x64
		{90112596-8223-36BF-BFDE-41AF036D9328}.Debug|x64.ActiveCfg = Debug|x64
		{90112596-8223-36BF-BFDE-41AF036D9328}.Debug|x64.Build.0 = Debug|x64
		{0C4A5CD4-5D6C-3F4A-81B4-F7FF257EC9A0}.Release|x64.ActiveCfg = Release|x64
		{0C4A5CD4-5D6C-3F4A-81B4-F7FF257EC9A0}.Release|x64.Build.0 = Release|x64
		{0C4A5CD4-5D6C-3F4A-81B4-F7FF257EC9A0}.Debug|x64.ActiveCfg = Debug|x64
		{0C4A5CD4-5D6C-3F4A-81B4-F7FF257EC9A0}.Debug|x64.Build.0 = Debug|x64
		{4FB50275-A2D9-3693-AA9F-2A4C8A8529A3}.Release|x64.ActiveCfg = Release|x64
		{4FB50275-A2D9-3693-AA9F-2A4C8A8529A3}.Release|x64.Build.0 = Release|x64
		{4FB50275-A2D9-3693-AA9F-2A4C8A8529A3}.Debug|x64.ActiveCfg = Debug|x64
		{4FB50275-A2D9-3693-AA9F-2A4C8A8529A3}.Debug|x64.Build.0 = Debug|x64
		{740BCF50-28CB-3B7E-9D13-FDDD70609663}.Release|x64.ActiveCfg = Release|x64
		{740BCF50-28CB-3B7E-9D13-FDDD70609663}.Release|x64.Build.0 = Release|x64
		{740BCF50-28CB-3B7E-9D13-FDDD70609663}.Debug|x64.ActiveCfg = Debug|x64
		{740BCF50-28CB-3B7E-9D13-FDDD70609663}.Debug|x64.Build.0 = Debug|x64
		{702BB6BE-AA24-32E7-BB96-F60A9932750A}.Release|x64.ActiveCfg = Release|x64
		{702BB6BE-AA24-32E7-BB96-F60A9932750A}.Release|x64.Build.0 = Release|x64
		{702BB6BE-AA24-32E7-BB96-F60A9932750A}.Debug|x64.ActiveCfg = Debug|x64
		{702BB6BE-AA24-32E7-BB96-F60A9932750A}.Debug|x64.Build.0 = Debug|x64
		{7A794949-3B25-38C6-AE4F-DCBF5103B46F}.Release|x64.ActiveCfg = Release|x64
		{7A794949-3B25-38C6-AE4F-DCBF5103B46F}.Release|x64.Build.0 = Release|x64
		{7A794949-3B25-38C6-AE4F-DCBF5103B46F}.Debug|x64.ActiveCfg = Debug|x64
		{7A794949-3B25-38C6-AE4F-DCBF5103B46F}.Debug|x64.Build.0 = Debug|x64
		{6FC99C4C-4AED-3EFC-95A4-B10956BC39FE}.Release|x64.ActiveCfg = Release|x64
		{6FC99C4C-4AED-3EFC-95A4-B10956BC39FE}.Release|x64.Build.0 = Release|x64
		{6FC99C4C-4AED-3EFC-95A4-B10956BC39FE}.Debug|x64.ActiveCfg = Debug|x64
		{6FC99C4C-4AED-3EFC-95A4-B10956BC39FE}.Debug|x64.Build.0 = Debug|x64
		{CF4CDE7F-AF67-3DC6-9E1C-1B669CDB3A0B}.Release|x64.ActiveCfg = Release|x64
		{CF4CDE7F-AF67-3DC6-9E1C-1B669CDB3A0B}.Release|x64.Build.0 = Release|x64
		{CF4CDE7F-AF67-3DC6-9E1C-1B669CDB3A0B}.Debug|x64.ActiveCfg = Debug|x64
		{CF4CDE7F-AF67-3DC6-9E1C-1B669CDB3A0B}.Debug|x64.Build.0 = Debug|x64
		{4062EDEA-3962-3506-9978-E56F7742870C}.Release|x64.ActiveCfg = Release|x64
		{4062EDEA-3962-3506-9978-E56F7742870C}.Release|x64.Build.0 = Release|x64
		{4062EDEA-3962-3506-9978-E56F7742870C}.Debug|x64.ActiveCfg = Debug|x64
		{4062EDEA-3962-3506-9978-E56F7742870C}.Debug|x64.Build.0 = Debug|x64
		{46A12725-8207-3621-A665-6AE0A8E25AD7}.Release|x64.ActiveCfg = Release|x64
		{46A12725-8207-3621-A665-6AE0A8E25AD7}.Release|x64.Build.0 = Release|x64
		{46A12725-8207-3621-A665-6AE0A8E25AD7}.Debug|x64.ActiveCfg = Debug|x64
		{46A12725-8207-3621-A665-6AE0A8E25AD7}.Debug|x64.Build.0 = Debug|x64
		{B629200B-E8E8-3BB9-B5F2-D76700CDF2D5}.Release|x64.ActiveCfg = Release|x64
		{B629200B-E8E8-3BB9-B5F2-D76700CDF2D5}.Release|x64.Build.0 = Release|x64
		{B629200B-E8E8-3BB9-B5F2-D76700CDF2D5}.Debug|x64.ActiveCfg = Debug|x64
		{B629200B-E8E8-3BB9-B5F2-D76700CDF2D5}.Debug|x64.Build.0 = Debug|x64
		{CBE9459D-42D0-34E6-B094-F3D472976A95}.Release|x64.ActiveCfg = Release|x64
		{CBE9459D-42D0-34E6-B094-F3D472976A95}.Release|x64.Build.0 = Release|x64
		{CBE9459D-42D0-34E6-B094-F3D472976A95}.Debug|x64.ActiveCfg = Debug|x64
		{CBE9459D-42D0-34E6-B094-F3D472976A95}.Debug|x64.Build.0 = Debug|x64
		{6A2EC7B3-6F4D-348A-A4B3-37533577B6EA}.Release|x64.ActiveCfg = Release|x64
		{6A2EC7B3-6F4D-348A-A4B3-37533577B6EA}.Release|x64.Build.0 = Release|x64
		{6A2EC7B3-6F4D-348A-A4B3-37533577B6EA}.Debug|x64.ActiveCfg = Debug|x64
		{6A2EC7B3-6F4D-348A-A4B3-37533577B6EA}.Debug|x64.Build.0 = Debug|x64
		{5A7D4111-5C70-3DCE-AAF0-11A82CED1F26}.Release|x64.ActiveCfg = Release|x64
		{5A7D4111-5C70-3DCE-AAF0-11A82CED1F26}.Release|x64.Build.0 = Release|x64
		{5A7D4111-5C70-3DCE-AAF0-11A82CED1F26}.Debug|x64.ActiveCfg = Debug|x64
		{5A7D4111-5C70-3DCE-AAF0-11A82CED1F26}.Debug|x64.Build.0 = Debug|x64
		{88BA234F-6E3D-3FD5-919A-0040E9FF7DFB}.Release|x64.ActiveCfg = Release|x64
		{88BA234F-6E3D-3FD5-919A-0040E9FF7DFB}.Release|x64.Build.0 = Release|x64
		{88BA234F-6E3D-3FD5-919A-0040E9FF7DFB}.Debug|x64.ActiveCfg = Debug|x64
		{88BA234F-6E3D-3FD5-919A-0040E9FF7DFB}.Debug|x64.Build.0 = Debug|x64
		{B7A0F0FC-4F8C-3BCB-8B8D-3BC492BEA3AD}.Release|x64.ActiveCfg = Release|x64
		{B7A0F0FC-4F8C-3BCB-8B8D-3BC492BEA3AD}.Release|x64.Build.0 = Release|x64
		{B7A0F0FC-4F8C-3BCB-8B8D-3BC492BEA3AD}.Debug|x64.ActiveCfg = Debug|x64
		{B7A0F0FC-4F8C-3BCB-8B8D-3BC492BEA3AD}.Debug|x64.Build.0 = Debug|x64
		{92442761-3E7D-3DF5-A0A5-0C2EDF50E67D}.Release|x64.ActiveCfg = Release|x64
		{92442761-3E7D-3DF5-A0A5-0C2EDF50E67D}.Release|x64.Build.0 = Release|x64
		{92442761-3E7D-3DF5-A0A5-0C2EDF50E67D}.Debug|x64.ActiveCfg = Debug|x64
		{92442761-3E7D-3DF5-A0A5-0C2EDF50E67D}.Debug|x64.Build.0 = Debug|x64
		{B8771D52-F69B-35A3-A271-29A3226F7FAC}.Release|x64.ActiveCfg = Release|x64
		{B8771D52-F69B-35A3-A271-29A3226F7FAC}.Release|x64.Build.0 = Release|x64
		{B8771D52-F69B-35A3-A271-29A3226F7FAC}.Debug|x64.ActiveCfg = Debug|x64
		{B8771D52-F69B-35A3-A271-29A3226F7FAC}.Debug|x64.Build.0 = Debug|x64
		{FEE95D77-912D-3C6C-8892-E78581F608F3}.Release|x64.ActiveCfg = Release|x64
		{FEE95D77-912D-3C6C-8892-E78581F608F3}.Release|x64.Build.0 = Release|x64
		{FEE95D77-912D-3C6C-8892-E78581F608F3}.Debug|x64.ActiveCfg = Debug|x64
		{FEE95D77-912D-3C6C-8892-E78581F608F3}.Debug|x64.Build.0 = Debug|x64
		{EB4CB82B-0ADA-360B-93FF-C9DEC2A5EFE8}.Release|x64.ActiveCfg = Release|x64
		{EB4CB82B-0ADA-360B-93FF-C9DEC2A5EFE8}.Release|x64.Build.0 = Release|x64
		{EB4CB82B-0ADA-360B-93FF-C9DEC2A5EFE8}.Debug|x64.ActiveCfg = Debug|x64
		{EB4CB82B-0ADA-360B-93FF-C9DEC2A5EFE8}.Debug|x64.Build.0 = Debug|x64
		{C055B5FA-212B-3EEA-A131-A6EC8D9E484A}.Release|x64.ActiveCfg = Release|x64
		{C055B5FA-212B-3EEA-A131-A6EC8D9E484A}.Debug|x64.ActiveCfg = Debug|x64
		{686FFB65-754C-3EDA-9300-C137FCFE0058}.Release|x64.ActiveCfg = Release|x64
		{686FFB65-754C-3EDA-9300-C137FCFE0058}.Release|x64.Build.0 = Release|x64
		{686FFB65-754C-3EDA-9300-C137FCFE0058}.Debug|x64.ActiveCfg = Debug|x64
		{686FFB65-754C-3EDA-9300-C137FCFE0058}.Debug|x64.Build.0 = Debug|x64
		{07C1111F-029C-3DD1-9559-6CDCBC7A0D86}.Release|x64.ActiveCfg = Release|x64
		{07C1111F-029C-3DD1-9559-6CDCBC7A0D86}.Release|x64.Build.0 = Release|x64
		{07C1111F-029C-3DD1-9559-6CDCBC7A0D86}.Debug|x64.ActiveCfg = Debug|x64
		{07C1111F-029C-3DD1-9559-6CDCBC7A0D86}.Debug|x64.Build.0 = Debug|x64
		{BF2810B6-DB4F-3845-BE22-CD08918AA25A}.Release|x64.ActiveCfg = Release|x64
		{BF2810B6-DB4F-3845-BE22-CD08918AA25A}.Release|x64.Build.0 = Release|x64
		{BF2810B6-DB4F-3845-BE22-CD08918AA25A}.Debug|x64.ActiveCfg = Debug|x64
		{BF2810B6-DB4F-3845-BE22-CD08918AA25A}.Debug|x64.Build.0 = Debug|x64
		{EEF40954-32B2-34C4-A8C5-3AA37E5944BB}.Release|x64.ActiveCfg = Release|x64
		{EEF40954-32B2-34C4-A8C5-3AA37E5944BB}.Release|x64.Build.0 = Release|x64
		{EEF40954-32B2-34C4-A8C5-3AA37E5944BB}.Debug|x64.ActiveCfg = Debug|x64
		{EEF40954-32B2-34C4-A8C5-3AA37E5944BB}.Debug|x64.Build.0 = Debug|x64
		{3279E832-67C4-371B-A49D-EFEC3D339824}.Release|x64.ActiveCfg = Release|x64
		{3279E832-67C4-371B-A49D-EFEC3D339824}.Release|x64.Build.0 = Release|x64
		{3279E832-67C4-371B-A49D-EFEC3D339824}.Debug|x64.ActiveCfg = Debug|x64
		{3279E832-67C4-371B-A49D-EFEC3D339824}.Debug|x64.Build.0 = Debug|x64
	EndGlobalSection
	GlobalSection(NestedProjects) = preSolution
		{FEE95D77-912D-3C6C-8892-E78581F608F3} = {269A6337-35B9-374F-9824-5DB1B553D886}
		{C055B5FA-212B-3EEA-A131-A6EC8D9E484A} = {269A6337-35B9-374F-9824-5DB1B553D886}
		{969196FE-F809-3054-BF59-BB40298FFCA7} = {0C1E7EF6-85D5-3A07-8CBA-16900FBA4046}
		{EB4CB82B-0ADA-360B-93FF-C9DEC2A5EFE8} = {0C1E7EF6-85D5-3A07-8CBA-16900FBA4046}
		{063EB1AA-C573-3440-AEDF-61D939FC8025} = {0C1E7EF6-85D5-3A07-8CBA-16900FBA4046}
		{16312EF3-1786-3C78-B0D3-369DF47AAA8F} = {969196FE-F809-3054-BF59-BB40298FFCA7}
		{861E9D3E-A3BF-3AB6-8AD2-E65E54001938} = {969196FE-F809-3054-BF59-BB40298FFCA7}
		{90112596-8223-36BF-BFDE-41AF036D9328} = {16312EF3-1786-3C78-B0D3-369DF47AAA8F}
		{0C4A5CD4-5D6C-3F4A-81B4-F7FF257EC9A0} = {16312EF3-1786-3C78-B0D3-369DF47AAA8F}
		{4FB50275-A2D9-3693-AA9F-2A4C8A8529A3} = {16312EF3-1786-3C78-B0D3-369DF47AAA8F}
		{740BCF50-28CB-3B7E-9D13-FDDD70609663} = {16312EF3-1786-3C78-B0D3-369DF47AAA8F}
		{702BB6BE-AA24-32E7-BB96-F60A9932750A} = {16312EF3-1786-3C78-B0D3-369DF47AAA8F}
		{7A794949-3B25-38C6-AE4F-DCBF5103B46F} = {16312EF3-1786-3C78-B0D3-369DF47AAA8F}
		{6FC99C4C-4AED-3EFC-95A4-B10956BC39FE} = {16312EF3-1786-3C78-B0D3-369DF47AAA8F}
		{CF4CDE7F-AF67-3DC6-9E1C-1B669CDB3A0B} = {16312EF3-1786-3C78-B0D3-369DF47AAA8F}
		{4062EDEA-3962-3506-9978-E56F7742870C} = {16312EF3-1786-3C78-B0D3-369DF47AAA8F}
		{46A12725-8207-3621-A665-6AE0A8E25AD7} = {16312EF3-1786-3C78-B0D3-369DF47AAA8F}
		{B629200B-E8E8-3BB9-B5F2-D76700CDF2D5} = {16312EF3-1786-3C78-B0D3-369DF47AAA8F}
		{CBE9459D-42D0-34E6-B094-F3D472976A95} = {16312EF3-1786-3C78-B0D3-369DF47AAA8F}
		{6A2EC7B3-6F4D-348A-A4B3-37533577B6EA} = {16312EF3-1786-3C78-B0D3-369DF47AAA8F}
		{5A7D4111-5C70-3DCE-AAF0-11A82CED1F26} = {16312EF3-1786-3C78-B0D3-369DF47AAA8F}
		{88BA234F-6E3D-3FD5-919A-0040E9FF7DFB} = {16312EF3-1786-3C78-B0D3-369DF47AAA8F}
		{B7A0F0FC-4F8C-3BCB-8B8D-3BC492BEA3AD} = {16312EF3-1786-3C78-B0D3-369DF47AAA8F}
		{92442761-3E7D-3DF5-A0A5-0C2EDF50E67D} = {16312EF3-1786-3C78-B0D3-369DF47AAA8F}
		{B8771D52-F69B-35A3-A271-29A3226F7FAC} = {16312EF3-1786-3C78-B0D3-369DF47AAA8F}
		{BF2810B6-DB4F-3845-BE22-CD08918AA25A} = {861E9D3E-A3BF-3AB6-8AD2-E65E54001938}
		{EEF40954-32B2-34C4-A8C5-3AA37E5944BB} = {861E9D3E-A3BF-3AB6-8AD2-E65E54001938}
		{3279E832-67C4-371B-A49D-EFEC3D339824} = {861E9D3E-A3BF-3AB6-8AD2-E65E54001938}
		{686FFB65-754C-3EDA-9300-C137FCFE0058} = {BB7226DA-BD54-36F4-BA66-DC92D3E68A89}
	EndGlobalSection
	GlobalSection(ExtensibilityGlobals) = postSolution
		SolutionGuid = {94E63608-9D3A-3830-B061-BB5BAF6C28AC}
	EndGlobalSection
	GlobalSection(ExtensibilityAddIns) = postSolution
	EndGlobalSection
EndGlobal
